Microsoft Visual Studio Solution File, Format Version 12.00
# Visual Studio Version 17
VisualStudioVersion = 17.0.31903.59
MinimumVisualStudioVersion = 10.0.40219.1
Project("{FAE04EC0-301F-11D3-BF4B-00C04F79EFBC}") = "MedivalChess", "MedivalChess.csproj", "{5D697A1E-F178-4EC0-9605-8E5C184FEA50}"
EndProject
Project("{FAE04EC0-301F-11D3-BF4B-00C04F79EFBC}") = "MedivalChess.Shared", "MedivalChess.Shared\MedivalChess.Shared.csproj", "{C314A7F6-8C8A-4BEB-9E6A-5E59CA3DD759}"
EndProject
Project("{FAE04EC0-301F-11D3-BF4B-00C04F79EFBC}") = "MedivalChess.Server", "MedivalChess.Server\MedivalChess.Server.csproj", "{83F4FE00-7F27-4990-B9D5-807D1AF74D7C}"
EndProject
Project("{FAE04EC0-301F-11D3-BF4B-00C04F79EFBC}") = "MedivalChess.Tests", "MedivalChess.Tests\MedivalChess.Tests.csproj", "{4C97B9EB-58A5-49F8-B598-E948B236F3D1}"
EndProject
Project("{FAE04EC0-301F-11D3-BF4B-00C04F79EFBC}") = "MedivalChess.CPU", "MedivalChess.CPU\MedivalChess.CPU.csproj", "{B7AD0EA1-4859-4D45-95B4-79A6B26540B6}"
EndProject
Global
	GlobalSection(SolutionConfigurationPlatforms) = preSolution
		Debug|Any CPU = Debug|Any CPU
		Release|Any CPU = Release|Any CPU
	EndGlobalSection
	GlobalSection(ProjectConfigurationPlatforms) = postSolution
		{5D697A1E-F178-4EC0-9605-8E5C184FEA50}.Debug|Any CPU.ActiveCfg = Debug|Any CPU
		{5D697A1E-F178-4EC0-9605-8E5C184FEA50}.Debug|Any CPU.Build.0 = Debug|Any CPU
		{C314A7F6-8C8A-4BEB-9E6A-5E59CA3DD759}.Debug|Any CPU.ActiveCfg = Debug|Any CPU
		{C314A7F6-8C8A-4BEB-9E6A-5E59CA3DD759}.Debug|Any CPU.Build.0 = Debug|Any CPU
		{83F4FE00-7F27-4990-B9D5-807D1AF74D7C}.Debug|Any CPU.ActiveCfg = Debug|Any CPU
		{83F4FE00-7F27-4990-B9D5-807D1AF74D7C}.Debug|Any CPU.Build.0 = Debug|Any CPU
		{4C97B9EB-58A5-49F8-B598-E948B236F3D1}.Debug|Any CPU.ActiveCfg = Debug|Any CPU
		{4C97B9EB-58A5-49F8-B598-E948B236F3D1}.Debug|Any CPU.Build.0 = Debug|Any CPU
		{B7AD0EA1-4859-4D45-95B4-79A6B26540B6}.Debug|Any CPU.ActiveCfg = Debug|Any CPU
		{B7AD0EA1-4859-4D45-95B4-79A6B26540B6}.Debug|Any CPU.Build.0 = Debug|Any CPU
	EndGlobalSection
EndGlobal
